
Microsoft Visual Studio Solution File, Format Version 12.00
# Visual Studio Version 16
VisualStudioVersion = 16.0.31019.35
MinimumVisualStudioVersion = 10.0.40219.1
Project("{9A19103F-16F7-4668-BE54-9A1E7A4F7556}") = "Chapter4ImplementDataAccess", "Chapter4ImplementDataAccess\Chapter4ImplementDataAccess.csproj", "{5950122B-4A9F-4620-8824-AA3D0FDD244A}"
EndProject
Project("{9A19103F-16F7-4668-BE54-9A1E7A4F7556}") = "BaseRepetition", "BaseRepetition\BaseRepetition.csproj", "{2DF78D3D-9ADA-47DD-8719-E20053044670}"
EndProject
Project("{FAE04EC0-301F-11D3-BF4B-00C04F79EFBC}") = "MyWcfService", "MyWcfService\MyWcfService.csproj", "{E8FEAE7B-E42B-4227-A6B8-7C55DA7B4296}"
EndProject
Project("{FAE04EC0-301F-11D3-BF4B-00C04F79EFBC}") = "GettingStartedClient", "GettingStartedClient\GettingStartedClient.csproj", "{B84A63DD-5B21-4FA1-A9D6-36278832CACB}"
	ProjectSection(ProjectDependencies) = postProject
		{E8FEAE7B-E42B-4227-A6B8-7C55DA7B4296} = {E8FEAE7B-E42B-4227-A6B8-7C55DA7B4296}
	EndProjectSection
EndProject
Project("{9A19103F-16F7-4668-BE54-9A1E7A4F7556}") = "WorkWithXml", "WorkWithXml\WorkWithXml.csproj", "{7D2C1F61-A958-45EB-B066-96F106159E7F}"
EndProject
Project("{FAE04EC0-301F-11D3-BF4B-00C04F79EFBC}") = "Objective4_3Linq", "Objective4_3Linq\Objective4_3Linq.csproj", "{4B5A7065-DF0C-4977-8B39-48BEBA88DBB5}"
EndProject
Global
	GlobalSection(SolutionConfigurationPlatforms) = preSolution
		Debug|Any CPU = Debug|Any CPU
		Release|Any CPU = Release|Any CPU
	EndGlobalSection
	GlobalSection(ProjectConfigurationPlatforms) = postSolution
		{5950122B-4A9F-4620-8824-AA3D0FDD244A}.Debug|Any CPU.ActiveCfg = Debug|Any CPU
		{5950122B-4A9F-4620-8824-AA3D0FDD244A}.Debug|Any CPU.Build.0 = Debug|Any CPU
		{5950122B-4A9F-4620-8824-AA3D0FDD244A}.Release|Any CPU.ActiveCfg = Release|Any CPU
		{5950122B-4A9F-4620-8824-AA3D0FDD244A}.Release|Any CPU.Build.0 = Release|Any CPU
		{2DF78D3D-9ADA-47DD-8719-E20053044670}.Debug|Any CPU.ActiveCfg = Debug|Any CPU
		{2DF78D3D-9ADA-47DD-8719-E20053044670}.Debug|Any CPU.Build.0 = Debug|Any CPU
		{2DF78D3D-9ADA-47DD-8719-E20053044670}.Release|Any CPU.ActiveCfg = Release|Any CPU
		{2DF78D3D-9ADA-47DD-8719-E20053044670}.Release|Any CPU.Build.0 = Release|Any CPU
		{E8FEAE7B-E42B-4227-A6B8-7C55DA7B4296}.Debug|Any CPU.ActiveCfg = Debug|Any CPU
		{E8FEAE7B-E42B-4227-A6B8-7C55DA7B4296}.Debug|Any CPU.Build.0 = Debug|Any CPU
		{E8FEAE7B-E42B-4227-A6B8-7C55DA7B4296}.Release|Any CPU.ActiveCfg = Release|Any CPU
		{E8FEAE7B-E42B-4227-A6B8-7C55DA7B4296}.Release|Any CPU.Build.0 = Release|Any CPU
		{B84A63DD-5B21-4FA1-A9D6-36278832CACB}.Debug|Any CPU.ActiveCfg = Debug|Any CPU
		{B84A63DD-5B21-4FA1-A9D6-36278832CACB}.Debug|Any CPU.Build.0 = Debug|Any CPU
		{B84A63DD-5B21-4FA1-A9D6-36278832CACB}.Release|Any CPU.ActiveCfg = Release|Any CPU
		{B84A63DD-5B21-4FA1-A9D6-36278832CACB}.Release|Any CPU.Build.0 = Release|Any CPU
		{7D2C1F61-A958-45EB-B066-96F106159E7F}.Debug|Any CPU.ActiveCfg = Debug|Any CPU
		{7D2C1F61-A958-45EB-B066-96F106159E7F}.Debug|Any CPU.Build.0 = Debug|Any CPU
		{7D2C1F61-A958-45EB-B066-96F106159E7F}.Release|Any CPU.ActiveCfg = Release|Any CPU
		{7D2C1F61-A958-45EB-B066-96F106159E7F}.Release|Any CPU.Build.0 = Release|Any CPU
		{4B5A7065-DF0C-4977-8B39-48BEBA88DBB5}.Debug|Any CPU.ActiveCfg = Debug|Any CPU
		{4B5A7065-DF0C-4977-8B39-48BEBA88DBB5}.Debug|Any CPU.Build.0 = Debug|Any CPU
		{4B5A7065-DF0C-4977-8B39-48BEBA88DBB5}.Release|Any CPU.ActiveCfg = Release|Any CPU
		{4B5A7065-DF0C-4977-8B39-48BEBA88DBB5}.Release|Any CPU.Build.0 = Release|Any CPU
	EndGlobalSection
	GlobalSection(SolutionProperties) = preSolution
		HideSolutionNode = FALSE
	EndGlobalSection
	GlobalSection(ExtensibilityGlobals) = postSolution
		SolutionGuid = {3CB53867-4347-4921-951E-EBF0F2DD2EDC}
	EndGlobalSection
EndGlobal
