
Microsoft Visual Studio Solution File, Format Version 12.00
# Visual Studio Version 16
VisualStudioVersion = 16.0.31112.23
MinimumVisualStudioVersion = 10.0.40219.1
Project("{FAE04EC0-301F-11D3-BF4B-00C04F79EFBC}") = "StoreAndRetriveData45", "StoreAndRetriveData45\StoreAndRetriveData45.csproj", "{7154AAA1-5881-4EFA-96F6-1A5C94B45187}"
EndProject
Global
	GlobalSection(SolutionConfigurationPlatforms) = preSolution
		Debug|Any CPU = Debug|Any CPU
		Release|Any CPU = Release|Any CPU
	EndGlobalSection
	GlobalSection(ProjectConfigurationPlatforms) = postSolution
		{7154AAA1-5881-4EFA-96F6-1A5C94B45187}.Debug|Any CPU.ActiveCfg = Debug|Any CPU
		{7154AAA1-5881-4EFA-96F6-1A5C94B45187}.Debug|Any CPU.Build.0 = Debug|Any CPU
		{7154AAA1-5881-4EFA-96F6-1A5C94B45187}.Release|Any CPU.ActiveCfg = Release|Any CPU
		{7154AAA1-5881-4EFA-96F6-1A5C94B45187}.Release|Any CPU.Build.0 = Release|Any CPU
	EndGlobalSection
	GlobalSection(SolutionProperties) = preSolution
		HideSolutionNode = FALSE
	EndGlobalSection
	GlobalSection(ExtensibilityGlobals) = postSolution
		SolutionGuid = {1BB572E0-8E44-49DF-A75C-7B6BFF1CF259}
	EndGlobalSection
EndGlobal
